
Microsoft Visual Studio Solution File, Format Version 12.00
# Visual Studio 15
VisualStudioVersion = 15.0.27004.2010
MinimumVisualStudioVersion = 10.0.40219.1
Project("{8BC9CEB8-8B4A-11D0-8D11-00A0C91BC942}") = "day_1-inverse_captcha", "day_1-inverse_captcha\day_1-inverse_captcha.vcxproj", "{BC1546DD-0E23-4ED2-BFB2-BCAF95E394ED}"
EndProject
Project("{8BC9CEB8-8B4A-11D0-8D11-00A0C91BC942}") = "day_2-corruption_checksum", "day_2-corruption_checksum\day_2-corruption_checksum.vcxproj", "{FEBBF836-3B75-4497-AFC1-3C1C65E82BB2}"
EndProject
Project("{8BC9CEB8-8B4A-11D0-8D11-00A0C91BC942}") = "day_3_part_1", "day_3_part_1\day_3_part_1.vcxproj", "{790E3EF0-99F2-4E7F-96EA-4AC6A65BFEE9}"
EndProject
Project("{8BC9CEB8-8B4A-11D0-8D11-00A0C91BC942}") = "day_3_part_2", "day_3_part_2\day_3_part_2.vcxproj", "{DE4D31BB-3F29-4B3C-89E2-1A7BED72B928}"
EndProject
Project("{8BC9CEB8-8B4A-11D0-8D11-00A0C91BC942}") = "advent_of_code", "advent_of_code\advent_of_code.vcxitems", "{9613C78D-0759-44C9-9A4C-689F29472500}"
EndProject
Project("{8BC9CEB8-8B4A-11D0-8D11-00A0C91BC942}") = "day_4_part_1", "day_4_part_1\day_4_part_1.vcxproj", "{8B01B573-827F-4696-950B-220C3DE4D460}"
EndProject
Project("{8BC9CEB8-8B4A-11D0-8D11-00A0C91BC942}") = "day_4_part_2", "day_4_part_2\day_4_part_2.vcxproj", "{FE043452-42E9-4420-B236-E4977F8261F0}"
EndProject
Global
	GlobalSection(SharedMSBuildProjectFiles) = preSolution
		advent_of_code\advent_of_code.vcxitems*{790e3ef0-99f2-4e7f-96ea-4ac6a65bfee9}*SharedItemsImports = 4
		advent_of_code\advent_of_code.vcxitems*{8b01b573-827f-4696-950b-220c3de4d460}*SharedItemsImports = 4
		advent_of_code\advent_of_code.vcxitems*{9613c78d-0759-44c9-9a4c-689f29472500}*SharedItemsImports = 9
		advent_of_code\advent_of_code.vcxitems*{de4d31bb-3f29-4b3c-89e2-1a7bed72b928}*SharedItemsImports = 4
	EndGlobalSection
	GlobalSection(SolutionConfigurationPlatforms) = preSolution
		Debug|x64 = Debug|x64
		Debug|x86 = Debug|x86
		Release|x64 = Release|x64
		Release|x86 = Release|x86
	EndGlobalSection
	GlobalSection(ProjectConfigurationPlatforms) = postSolution
		{BC1546DD-0E23-4ED2-BFB2-BCAF95E394ED}.Debug|x64.ActiveCfg = Debug|x64
		{BC1546DD-0E23-4ED2-BFB2-BCAF95E394ED}.Debug|x64.Build.0 = Debug|x64
		{BC1546DD-0E23-4ED2-BFB2-BCAF95E394ED}.Debug|x86.ActiveCfg = Debug|Win32
		{BC1546DD-0E23-4ED2-BFB2-BCAF95E394ED}.Debug|x86.Build.0 = Debug|Win32
		{BC1546DD-0E23-4ED2-BFB2-BCAF95E394ED}.Release|x64.ActiveCfg = Release|x64
		{BC1546DD-0E23-4ED2-BFB2-BCAF95E394ED}.Release|x64.Build.0 = Release|x64
		{BC1546DD-0E23-4ED2-BFB2-BCAF95E394ED}.Release|x86.ActiveCfg = Release|Win32
		{BC1546DD-0E23-4ED2-BFB2-BCAF95E394ED}.Release|x86.Build.0 = Release|Win32
		{FEBBF836-3B75-4497-AFC1-3C1C65E82BB2}.Debug|x64.ActiveCfg = Debug|x64
		{FEBBF836-3B75-4497-AFC1-3C1C65E82BB2}.Debug|x64.Build.0 = Debug|x64
		{FEBBF836-3B75-4497-AFC1-3C1C65E82BB2}.Debug|x86.ActiveCfg = Debug|Win32
		{FEBBF836-3B75-4497-AFC1-3C1C65E82BB2}.Debug|x86.Build.0 = Debug|Win32
		{FEBBF836-3B75-4497-AFC1-3C1C65E82BB2}.Release|x64.ActiveCfg = Release|x64
		{FEBBF836-3B75-4497-AFC1-3C1C65E82BB2}.Release|x64.Build.0 = Release|x64
		{FEBBF836-3B75-4497-AFC1-3C1C65E82BB2}.Release|x86.ActiveCfg = Release|Win32
		{FEBBF836-3B75-4497-AFC1-3C1C65E82BB2}.Release|x86.Build.0 = Release|Win32
		{790E3EF0-99F2-4E7F-96EA-4AC6A65BFEE9}.Debug|x64.ActiveCfg = Debug|x64
		{790E3EF0-99F2-4E7F-96EA-4AC6A65BFEE9}.Debug|x64.Build.0 = Debug|x64
		{790E3EF0-99F2-4E7F-96EA-4AC6A65BFEE9}.Debug|x86.ActiveCfg = Debug|Win32
		{790E3EF0-99F2-4E7F-96EA-4AC6A65BFEE9}.Debug|x86.Build.0 = Debug|Win32
		{790E3EF0-99F2-4E7F-96EA-4AC6A65BFEE9}.Release|x64.ActiveCfg = Release|x64
		{790E3EF0-99F2-4E7F-96EA-4AC6A65BFEE9}.Release|x64.Build.0 = Release|x64
		{790E3EF0-99F2-4E7F-96EA-4AC6A65BFEE9}.Release|x86.ActiveCfg = Release|Win32
		{790E3EF0-99F2-4E7F-96EA-4AC6A65BFEE9}.Release|x86.Build.0 = Release|Win32
		{DE4D31BB-3F29-4B3C-89E2-1A7BED72B928}.Debug|x64.ActiveCfg = Debug|x64
		{DE4D31BB-3F29-4B3C-89E2-1A7BED72B928}.Debug|x64.Build.0 = Debug|x64
		{DE4D31BB-3F29-4B3C-89E2-1A7BED72B928}.Debug|x86.ActiveCfg = Debug|Win32
		{DE4D31BB-3F29-4B3C-89E2-1A7BED72B928}.Debug|x86.Build.0 = Debug|Win32
		{DE4D31BB-3F29-4B3C-89E2-1A7BED72B928}.Release|x64.ActiveCfg = Release|x64
		{DE4D31BB-3F29-4B3C-89E2-1A7BED72B928}.Release|x64.Build.0 = Release|x64
		{DE4D31BB-3F29-4B3C-89E2-1A7BED72B928}.Release|x86.ActiveCfg = Release|Win32
		{DE4D31BB-3F29-4B3C-89E2-1A7BED72B928}.Release|x86.Build.0 = Release|Win32
		{8B01B573-827F-4696-950B-220C3DE4D460}.Debug|x64.ActiveCfg = Debug|x64
		{8B01B573-827F-4696-950B-220C3DE4D460}.Debug|x64.Build.0 = Debug|x64
		{8B01B573-827F-4696-950B-220C3DE4D460}.Debug|x86.ActiveCfg = Debug|Win32
		{8B01B573-827F-4696-950B-220C3DE4D460}.Debug|x86.Build.0 = Debug|Win32
		{8B01B573-827F-4696-950B-220C3DE4D460}.Release|x64.ActiveCfg = Release|x64
		{8B01B573-827F-4696-950B-220C3DE4D460}.Release|x64.Build.0 = Release|x64
		{8B01B573-827F-4696-950B-220C3DE4D460}.Release|x86.ActiveCfg = Release|Win32
		{8B01B573-827F-4696-950B-220C3DE4D460}.Release|x86.Build.0 = Release|Win32
		{FE043452-42E9-4420-B236-E4977F8261F0}.Debug|x64.ActiveCfg = Debug|x64
		{FE043452-42E9-4420-B236-E4977F8261F0}.Debug|x64.Build.0 = Debug|x64
		{FE043452-42E9-4420-B236-E4977F8261F0}.Debug|x86.ActiveCfg = Debug|Win32
		{FE043452-42E9-4420-B236-E4977F8261F0}.Debug|x86.Build.0 = Debug|Win32
		{FE043452-42E9-4420-B236-E4977F8261F0}.Release|x64.ActiveCfg = Release|x64
		{FE043452-42E9-4420-B236-E4977F8261F0}.Release|x64.Build.0 = Release|x64
		{FE043452-42E9-4420-B236-E4977F8261F0}.Release|x86.ActiveCfg = Release|Win32
		{FE043452-42E9-4420-B236-E4977F8261F0}.Release|x86.Build.0 = Release|Win32
	EndGlobalSection
	GlobalSection(SolutionProperties) = preSolution
		HideSolutionNode = FALSE
	EndGlobalSection
	GlobalSection(ExtensibilityGlobals) = postSolution
		SolutionGuid = {40017B3F-6461-4E37-A945-F4C732E8BE44}
	EndGlobalSection
EndGlobal
