
Microsoft Visual Studio Solution File, Format Version 12.00
# Visual Studio 15
VisualStudioVersion = 15.0.27004.2010
MinimumVisualStudioVersion = 10.0.40219.1
Project("{8BC9CEB8-8B4A-11D0-8D11-00A0C91BC942}") = "day_1-inverse_captcha", "day_1-inverse_captcha\day_1-inverse_captcha.vcxproj", "{BC1546DD-0E23-4ED2-BFB2-BCAF95E394ED}"
EndProject
Project("{8BC9CEB8-8B4A-11D0-8D11-00A0C91BC942}") = "day_2-corruption_checksum", "day_2-corruption_checksum\day_2-corruption_checksum.vcxproj", "{FEBBF836-3B75-4497-AFC1-3C1C65E82BB2}"
EndProject
Project("{8BC9CEB8-8B4A-11D0-8D11-00A0C91BC942}") = "day_3_part_1", "day_3_part_1\day_3_part_1.vcxproj", "{790E3EF0-99F2-4E7F-96EA-4AC6A65BFEE9}"
EndProject
Project("{8BC9CEB8-8B4A-11D0-8D11-00A0C91BC942}") = "day_3_part_2", "day_3_part_2\day_3_part_2.vcxproj", "{DE4D31BB-3F29-4B3C-89E2-1A7BED72B928}"
EndProject
Project("{8BC9CEB8-8B4A-11D0-8D11-00A0C91BC942}") = "advent_of_code", "advent_of_code\advent_of_code.vcxitems", "{9613C78D-0759-44C9-9A4C-689F29472500}"
EndProject
Project("{8BC9CEB8-8B4A-11D0-8D11-00A0C91BC942}") = "day_4_part_1", "day_4_part_1\day_4_part_1.vcxproj", "{8B01B573-827F-4696-950B-220C3DE4D460}"
EndProject
Project("{8BC9CEB8-8B4A-11D0-8D11-00A0C91BC942}") = "day_4_part_2", "day_4_part_2\day_4_part_2.vcxproj", "{FE043452-42E9-4420-B236-E4977F8261F0}"
EndProject
Project("{8BC9CEB8-8B4A-11D0-8D11-00A0C91BC942}") = "day_5_part_2", "day_5_part_2\day_5_part_2.vcxproj", "{C422CA83-D193-45FF-908E-51AE87A4D7E7}"
EndProject
Project("{8BC9CEB8-8B4A-11D0-8D11-00A0C91BC942}") = "day_5_part_1", "day_5_part_1\day_5_part_1.vcxproj", "{A62539B1-102F-4628-BC77-E511EE403F4D}"
EndProject
Project("{8BC9CEB8-8B4A-11D0-8D11-00A0C91BC942}") = "day_6_part_1", "day_6_part_1\day_6_part_1.vcxproj", "{BE398FD8-2BC6-4232-A728-02CDDE51C84B}"
EndProject
Project("{8BC9CEB8-8B4A-11D0-8D11-00A0C91BC942}") = "day_6_part_2", "day_6_part_2\day_6_part_2.vcxproj", "{D1516689-D36A-4CCB-9CE2-67D1E7AECD8C}"
EndProject
Project("{8BC9CEB8-8B4A-11D0-8D11-00A0C91BC942}") = "day_7_part_1", "day_7_part_1\day_7_part_1.vcxproj", "{65F730A7-4D1D-4B62-9B1F-B683AAA7291F}"
EndProject
Project("{8BC9CEB8-8B4A-11D0-8D11-00A0C91BC942}") = "day_7_part_2", "day_7_part_2\day_7_part_2.vcxproj", "{06394750-E09F-4958-B1F7-4855FE6E246C}"
EndProject
Project("{8BC9CEB8-8B4A-11D0-8D11-00A0C91BC942}") = "day_8_part_1", "day_8_part_1\day_8_part_1.vcxproj", "{145D39F1-662E-4581-8372-444C78C199F2}"
EndProject
Project("{8BC9CEB8-8B4A-11D0-8D11-00A0C91BC942}") = "day_8_part_2", "day_8_part_2\day_8_part_2.vcxproj", "{74C29B15-37F4-461D-BDCE-8B40E409C1D5}"
EndProject
Project("{8BC9CEB8-8B4A-11D0-8D11-00A0C91BC942}") = "day_9_part_1", "day_9_part_1\day_9_part_1.vcxproj", "{24B75577-54F7-4352-AB8B-32FAF920F3B7}"
EndProject
Project("{8BC9CEB8-8B4A-11D0-8D11-00A0C91BC942}") = "day_9_part_2", "day_9_part_2\day_9_part_2.vcxproj", "{FBBC4006-730D-4514-B9B4-58DE9BE1FB1B}"
EndProject
Global
	GlobalSection(SharedMSBuildProjectFiles) = preSolution
		advent_of_code\advent_of_code.vcxitems*{06394750-e09f-4958-b1f7-4855fe6e246c}*SharedItemsImports = 4
		advent_of_code\advent_of_code.vcxitems*{145d39f1-662e-4581-8372-444c78c199f2}*SharedItemsImports = 4
		advent_of_code\advent_of_code.vcxitems*{24b75577-54f7-4352-ab8b-32faf920f3b7}*SharedItemsImports = 4
		advent_of_code\advent_of_code.vcxitems*{65f730a7-4d1d-4b62-9b1f-b683aaa7291f}*SharedItemsImports = 4
		advent_of_code\advent_of_code.vcxitems*{74c29b15-37f4-461d-bdce-8b40e409c1d5}*SharedItemsImports = 4
		advent_of_code\advent_of_code.vcxitems*{790e3ef0-99f2-4e7f-96ea-4ac6a65bfee9}*SharedItemsImports = 4
		advent_of_code\advent_of_code.vcxitems*{8b01b573-827f-4696-950b-220c3de4d460}*SharedItemsImports = 4
		advent_of_code\advent_of_code.vcxitems*{9613c78d-0759-44c9-9a4c-689f29472500}*SharedItemsImports = 9
		advent_of_code\advent_of_code.vcxitems*{a62539b1-102f-4628-bc77-e511ee403f4d}*SharedItemsImports = 4
		advent_of_code\advent_of_code.vcxitems*{be398fd8-2bc6-4232-a728-02cdde51c84b}*SharedItemsImports = 4
		advent_of_code\advent_of_code.vcxitems*{c422ca83-d193-45ff-908e-51ae87a4d7e7}*SharedItemsImports = 4
		advent_of_code\advent_of_code.vcxitems*{d1516689-d36a-4ccb-9ce2-67d1e7aecd8c}*SharedItemsImports = 4
		advent_of_code\advent_of_code.vcxitems*{de4d31bb-3f29-4b3c-89e2-1a7bed72b928}*SharedItemsImports = 4
		advent_of_code\advent_of_code.vcxitems*{fbbc4006-730d-4514-b9b4-58de9be1fb1b}*SharedItemsImports = 4
		advent_of_code\advent_of_code.vcxitems*{fe043452-42e9-4420-b236-e4977f8261f0}*SharedItemsImports = 4
	EndGlobalSection
	GlobalSection(SolutionConfigurationPlatforms) = preSolution
		Debug|x64 = Debug|x64
		Debug|x86 = Debug|x86
		Release|x64 = Release|x64
		Release|x86 = Release|x86
	EndGlobalSection
	GlobalSection(ProjectConfigurationPlatforms) = postSolution
		{BC1546DD-0E23-4ED2-BFB2-BCAF95E394ED}.Debug|x64.ActiveCfg = Debug|x64
		{BC1546DD-0E23-4ED2-BFB2-BCAF95E394ED}.Debug|x64.Build.0 = Debug|x64
		{BC1546DD-0E23-4ED2-BFB2-BCAF95E394ED}.Debug|x86.ActiveCfg = Debug|Win32
		{BC1546DD-0E23-4ED2-BFB2-BCAF95E394ED}.Debug|x86.Build.0 = Debug|Win32
		{BC1546DD-0E23-4ED2-BFB2-BCAF95E394ED}.Release|x64.ActiveCfg = Release|x64
		{BC1546DD-0E23-4ED2-BFB2-BCAF95E394ED}.Release|x64.Build.0 = Release|x64
		{BC1546DD-0E23-4ED2-BFB2-BCAF95E394ED}.Release|x86.ActiveCfg = Release|Win32
		{BC1546DD-0E23-4ED2-BFB2-BCAF95E394ED}.Release|x86.Build.0 = Release|Win32
		{FEBBF836-3B75-4497-AFC1-3C1C65E82BB2}.Debug|x64.ActiveCfg = Debug|x64
		{FEBBF836-3B75-4497-AFC1-3C1C65E82BB2}.Debug|x64.Build.0 = Debug|x64
		{FEBBF836-3B75-4497-AFC1-3C1C65E82BB2}.Debug|x86.ActiveCfg = Debug|Win32
		{FEBBF836-3B75-4497-AFC1-3C1C65E82BB2}.Debug|x86.Build.0 = Debug|Win32
		{FEBBF836-3B75-4497-AFC1-3C1C65E82BB2}.Release|x64.ActiveCfg = Release|x64
		{FEBBF836-3B75-4497-AFC1-3C1C65E82BB2}.Release|x64.Build.0 = Release|x64
		{FEBBF836-3B75-4497-AFC1-3C1C65E82BB2}.Release|x86.ActiveCfg = Release|Win32
		{FEBBF836-3B75-4497-AFC1-3C1C65E82BB2}.Release|x86.Build.0 = Release|Win32
		{790E3EF0-99F2-4E7F-96EA-4AC6A65BFEE9}.Debug|x64.ActiveCfg = Debug|x64
		{790E3EF0-99F2-4E7F-96EA-4AC6A65BFEE9}.Debug|x64.Build.0 = Debug|x64
		{790E3EF0-99F2-4E7F-96EA-4AC6A65BFEE9}.Debug|x86.ActiveCfg = Debug|Win32
		{790E3EF0-99F2-4E7F-96EA-4AC6A65BFEE9}.Debug|x86.Build.0 = Debug|Win32
		{790E3EF0-99F2-4E7F-96EA-4AC6A65BFEE9}.Release|x64.ActiveCfg = Release|x64
		{790E3EF0-99F2-4E7F-96EA-4AC6A65BFEE9}.Release|x64.Build.0 = Release|x64
		{790E3EF0-99F2-4E7F-96EA-4AC6A65BFEE9}.Release|x86.ActiveCfg = Release|Win32
		{790E3EF0-99F2-4E7F-96EA-4AC6A65BFEE9}.Release|x86.Build.0 = Release|Win32
		{DE4D31BB-3F29-4B3C-89E2-1A7BED72B928}.Debug|x64.ActiveCfg = Debug|x64
		{DE4D31BB-3F29-4B3C-89E2-1A7BED72B928}.Debug|x64.Build.0 = Debug|x64
		{DE4D31BB-3F29-4B3C-89E2-1A7BED72B928}.Debug|x86.ActiveCfg = Debug|Win32
		{DE4D31BB-3F29-4B3C-89E2-1A7BED72B928}.Debug|x86.Build.0 = Debug|Win32
		{DE4D31BB-3F29-4B3C-89E2-1A7BED72B928}.Release|x64.ActiveCfg = Release|x64
		{DE4D31BB-3F29-4B3C-89E2-1A7BED72B928}.Release|x64.Build.0 = Release|x64
		{DE4D31BB-3F29-4B3C-89E2-1A7BED72B928}.Release|x86.ActiveCfg = Release|Win32
		{DE4D31BB-3F29-4B3C-89E2-1A7BED72B928}.Release|x86.Build.0 = Release|Win32
		{8B01B573-827F-4696-950B-220C3DE4D460}.Debug|x64.ActiveCfg = Debug|x64
		{8B01B573-827F-4696-950B-220C3DE4D460}.Debug|x64.Build.0 = Debug|x64
		{8B01B573-827F-4696-950B-220C3DE4D460}.Debug|x86.ActiveCfg = Debug|Win32
		{8B01B573-827F-4696-950B-220C3DE4D460}.Debug|x86.Build.0 = Debug|Win32
		{8B01B573-827F-4696-950B-220C3DE4D460}.Release|x64.ActiveCfg = Release|x64
		{8B01B573-827F-4696-950B-220C3DE4D460}.Release|x64.Build.0 = Release|x64
		{8B01B573-827F-4696-950B-220C3DE4D460}.Release|x86.ActiveCfg = Release|Win32
		{8B01B573-827F-4696-950B-220C3DE4D460}.Release|x86.Build.0 = Release|Win32
		{FE043452-42E9-4420-B236-E4977F8261F0}.Debug|x64.ActiveCfg = Debug|x64
		{FE043452-42E9-4420-B236-E4977F8261F0}.Debug|x64.Build.0 = Debug|x64
		{FE043452-42E9-4420-B236-E4977F8261F0}.Debug|x86.ActiveCfg = Debug|Win32
		{FE043452-42E9-4420-B236-E4977F8261F0}.Debug|x86.Build.0 = Debug|Win32
		{FE043452-42E9-4420-B236-E4977F8261F0}.Release|x64.ActiveCfg = Release|x64
		{FE043452-42E9-4420-B236-E4977F8261F0}.Release|x64.Build.0 = Release|x64
		{FE043452-42E9-4420-B236-E4977F8261F0}.Release|x86.ActiveCfg = Release|Win32
		{FE043452-42E9-4420-B236-E4977F8261F0}.Release|x86.Build.0 = Release|Win32
		{C422CA83-D193-45FF-908E-51AE87A4D7E7}.Debug|x64.ActiveCfg = Debug|x64
		{C422CA83-D193-45FF-908E-51AE87A4D7E7}.Debug|x64.Build.0 = Debug|x64
		{C422CA83-D193-45FF-908E-51AE87A4D7E7}.Debug|x86.ActiveCfg = Debug|Win32
		{C422CA83-D193-45FF-908E-51AE87A4D7E7}.Debug|x86.Build.0 = Debug|Win32
		{C422CA83-D193-45FF-908E-51AE87A4D7E7}.Release|x64.ActiveCfg = Release|x64
		{C422CA83-D193-45FF-908E-51AE87A4D7E7}.Release|x64.Build.0 = Release|x64
		{C422CA83-D193-45FF-908E-51AE87A4D7E7}.Release|x86.ActiveCfg = Release|Win32
		{C422CA83-D193-45FF-908E-51AE87A4D7E7}.Release|x86.Build.0 = Release|Win32
		{A62539B1-102F-4628-BC77-E511EE403F4D}.Debug|x64.ActiveCfg = Debug|x64
		{A62539B1-102F-4628-BC77-E511EE403F4D}.Debug|x64.Build.0 = Debug|x64
		{A62539B1-102F-4628-BC77-E511EE403F4D}.Debug|x86.ActiveCfg = Debug|Win32
		{A62539B1-102F-4628-BC77-E511EE403F4D}.Debug|x86.Build.0 = Debug|Win32
		{A62539B1-102F-4628-BC77-E511EE403F4D}.Release|x64.ActiveCfg = Release|x64
		{A62539B1-102F-4628-BC77-E511EE403F4D}.Release|x64.Build.0 = Release|x64
		{A62539B1-102F-4628-BC77-E511EE403F4D}.Release|x86.ActiveCfg = Release|Win32
		{A62539B1-102F-4628-BC77-E511EE403F4D}.Release|x86.Build.0 = Release|Win32
		{BE398FD8-2BC6-4232-A728-02CDDE51C84B}.Debug|x64.ActiveCfg = Debug|x64
		{BE398FD8-2BC6-4232-A728-02CDDE51C84B}.Debug|x64.Build.0 = Debug|x64
		{BE398FD8-2BC6-4232-A728-02CDDE51C84B}.Debug|x86.ActiveCfg = Debug|Win32
		{BE398FD8-2BC6-4232-A728-02CDDE51C84B}.Debug|x86.Build.0 = Debug|Win32
		{BE398FD8-2BC6-4232-A728-02CDDE51C84B}.Release|x64.ActiveCfg = Release|x64
		{BE398FD8-2BC6-4232-A728-02CDDE51C84B}.Release|x64.Build.0 = Release|x64
		{BE398FD8-2BC6-4232-A728-02CDDE51C84B}.Release|x86.ActiveCfg = Release|Win32
		{BE398FD8-2BC6-4232-A728-02CDDE51C84B}.Release|x86.Build.0 = Release|Win32
		{D1516689-D36A-4CCB-9CE2-67D1E7AECD8C}.Debug|x64.ActiveCfg = Debug|x64
		{D1516689-D36A-4CCB-9CE2-67D1E7AECD8C}.Debug|x64.Build.0 = Debug|x64
		{D1516689-D36A-4CCB-9CE2-67D1E7AECD8C}.Debug|x86.ActiveCfg = Debug|Win32
		{D1516689-D36A-4CCB-9CE2-67D1E7AECD8C}.Debug|x86.Build.0 = Debug|Win32
		{D1516689-D36A-4CCB-9CE2-67D1E7AECD8C}.Release|x64.ActiveCfg = Release|x64
		{D1516689-D36A-4CCB-9CE2-67D1E7AECD8C}.Release|x64.Build.0 = Release|x64
		{D1516689-D36A-4CCB-9CE2-67D1E7AECD8C}.Release|x86.ActiveCfg = Release|Win32
		{D1516689-D36A-4CCB-9CE2-67D1E7AECD8C}.Release|x86.Build.0 = Release|Win32
		{65F730A7-4D1D-4B62-9B1F-B683AAA7291F}.Debug|x64.ActiveCfg = Debug|x64
		{65F730A7-4D1D-4B62-9B1F-B683AAA7291F}.Debug|x64.Build.0 = Debug|x64
		{65F730A7-4D1D-4B62-9B1F-B683AAA7291F}.Debug|x86.ActiveCfg = Debug|Win32
		{65F730A7-4D1D-4B62-9B1F-B683AAA7291F}.Debug|x86.Build.0 = Debug|Win32
		{65F730A7-4D1D-4B62-9B1F-B683AAA7291F}.Release|x64.ActiveCfg = Release|x64
		{65F730A7-4D1D-4B62-9B1F-B683AAA7291F}.Release|x64.Build.0 = Release|x64
		{65F730A7-4D1D-4B62-9B1F-B683AAA7291F}.Release|x86.ActiveCfg = Release|Win32
		{65F730A7-4D1D-4B62-9B1F-B683AAA7291F}.Release|x86.Build.0 = Release|Win32
		{06394750-E09F-4958-B1F7-4855FE6E246C}.Debug|x64.ActiveCfg = Debug|x64
		{06394750-E09F-4958-B1F7-4855FE6E246C}.Debug|x64.Build.0 = Debug|x64
		{06394750-E09F-4958-B1F7-4855FE6E246C}.Debug|x86.ActiveCfg = Debug|Win32
		{06394750-E09F-4958-B1F7-4855FE6E246C}.Debug|x86.Build.0 = Debug|Win32
		{06394750-E09F-4958-B1F7-4855FE6E246C}.Release|x64.ActiveCfg = Release|x64
		{06394750-E09F-4958-B1F7-4855FE6E246C}.Release|x64.Build.0 = Release|x64
		{06394750-E09F-4958-B1F7-4855FE6E246C}.Release|x86.ActiveCfg = Release|Win32
		{06394750-E09F-4958-B1F7-4855FE6E246C}.Release|x86.Build.0 = Release|Win32
		{145D39F1-662E-4581-8372-444C78C199F2}.Debug|x64.ActiveCfg = Debug|x64
		{145D39F1-662E-4581-8372-444C78C199F2}.Debug|x64.Build.0 = Debug|x64
		{145D39F1-662E-4581-8372-444C78C199F2}.Debug|x86.ActiveCfg = Debug|Win32
		{145D39F1-662E-4581-8372-444C78C199F2}.Debug|x86.Build.0 = Debug|Win32
		{145D39F1-662E-4581-8372-444C78C199F2}.Release|x64.ActiveCfg = Release|x64
		{145D39F1-662E-4581-8372-444C78C199F2}.Release|x64.Build.0 = Release|x64
		{145D39F1-662E-4581-8372-444C78C199F2}.Release|x86.ActiveCfg = Release|Win32
		{145D39F1-662E-4581-8372-444C78C199F2}.Release|x86.Build.0 = Release|Win32
		{74C29B15-37F4-461D-BDCE-8B40E409C1D5}.Debug|x64.ActiveCfg = Debug|x64
		{74C29B15-37F4-461D-BDCE-8B40E409C1D5}.Debug|x64.Build.0 = Debug|x64
		{74C29B15-37F4-461D-BDCE-8B40E409C1D5}.Debug|x86.ActiveCfg = Debug|Win32
		{74C29B15-37F4-461D-BDCE-8B40E409C1D5}.Debug|x86.Build.0 = Debug|Win32
		{74C29B15-37F4-461D-BDCE-8B40E409C1D5}.Release|x64.ActiveCfg = Release|x64
		{74C29B15-37F4-461D-BDCE-8B40E409C1D5}.Release|x64.Build.0 = Release|x64
		{74C29B15-37F4-461D-BDCE-8B40E409C1D5}.Release|x86.ActiveCfg = Release|Win32
		{74C29B15-37F4-461D-BDCE-8B40E409C1D5}.Release|x86.Build.0 = Release|Win32
		{24B75577-54F7-4352-AB8B-32FAF920F3B7}.Debug|x64.ActiveCfg = Debug|x64
		{24B75577-54F7-4352-AB8B-32FAF920F3B7}.Debug|x64.Build.0 = Debug|x64
		{24B75577-54F7-4352-AB8B-32FAF920F3B7}.Debug|x86.ActiveCfg = Debug|Win32
		{24B75577-54F7-4352-AB8B-32FAF920F3B7}.Debug|x86.Build.0 = Debug|Win32
		{24B75577-54F7-4352-AB8B-32FAF920F3B7}.Release|x64.ActiveCfg = Release|x64
		{24B75577-54F7-4352-AB8B-32FAF920F3B7}.Release|x64.Build.0 = Release|x64
		{24B75577-54F7-4352-AB8B-32FAF920F3B7}.Release|x86.ActiveCfg = Release|Win32
		{24B75577-54F7-4352-AB8B-32FAF920F3B7}.Release|x86.Build.0 = Release|Win32
		{FBBC4006-730D-4514-B9B4-58DE9BE1FB1B}.Debug|x64.ActiveCfg = Debug|x64
		{FBBC4006-730D-4514-B9B4-58DE9BE1FB1B}.Debug|x64.Build.0 = Debug|x64
		{FBBC4006-730D-4514-B9B4-58DE9BE1FB1B}.Debug|x86.ActiveCfg = Debug|Win32
		{FBBC4006-730D-4514-B9B4-58DE9BE1FB1B}.Debug|x86.Build.0 = Debug|Win32
		{FBBC4006-730D-4514-B9B4-58DE9BE1FB1B}.Release|x64.ActiveCfg = Release|x64
		{FBBC4006-730D-4514-B9B4-58DE9BE1FB1B}.Release|x64.Build.0 = Release|x64
		{FBBC4006-730D-4514-B9B4-58DE9BE1FB1B}.Release|x86.ActiveCfg = Release|Win32
		{FBBC4006-730D-4514-B9B4-58DE9BE1FB1B}.Release|x86.Build.0 = Release|Win32
	EndGlobalSection
	GlobalSection(SolutionProperties) = preSolution
		HideSolutionNode = FALSE
	EndGlobalSection
	GlobalSection(ExtensibilityGlobals) = postSolution
		SolutionGuid = {40017B3F-6461-4E37-A945-F4C732E8BE44}
	EndGlobalSection
EndGlobal
